
Microsoft Visual Studio Solution File, Format Version 12.00
# Visual Studio Version 16
VisualStudioVersion = 16.0.30503.244
MinimumVisualStudioVersion = 10.0.40219.1
Project("{FAE04EC0-301F-11D3-BF4B-00C04F79EFBC}") = "TempatureCalculator", "TempatureCalculator\TempatureCalculator.csproj", "{252DC144-DA31-436D-8708-101A434BE7BD}"
EndProject
Global
	GlobalSection(SolutionConfigurationPlatforms) = preSolution
		Debug|Any CPU = Debug|Any CPU
		Release|Any CPU = Release|Any CPU
	EndGlobalSection
	GlobalSection(ProjectConfigurationPlatforms) = postSolution
		{252DC144-DA31-436D-8708-101A434BE7BD}.Debug|Any CPU.ActiveCfg = Debug|Any CPU
		{252DC144-DA31-436D-8708-101A434BE7BD}.Debug|Any CPU.Build.0 = Debug|Any CPU
		{252DC144-DA31-436D-8708-101A434BE7BD}.Release|Any CPU.ActiveCfg = Release|Any CPU
		{252DC144-DA31-436D-8708-101A434BE7BD}.Release|Any CPU.Build.0 = Release|Any CPU
	EndGlobalSection
	GlobalSection(SolutionProperties) = preSolution
		HideSolutionNode = FALSE
	EndGlobalSection
	GlobalSection(ExtensibilityGlobals) = postSolution
		SolutionGuid = {8D10F66E-E5B0-450A-BCE5-1EDA692D36F5}
	EndGlobalSection
EndGlobal
